<?xml version="1.0" encoding="utf-8"?>
<Project ToolsVersion="4.0" xmlns="http://schemas.microsoft.com/developer/msbuild/2003">
  <ItemGroup>
    <ClInclude Include="stdafx.h" />
    <ClInclude Include="Resource\VertexBuffer.h">
      <Filter>Renderer\Resource\Buffers</Filter>
    </ClInclude>
    <ClInclude Include="Resource\Buffer.h">
      <Filter>Renderer\Resource\Buffers</Filter>
    </ClInclude>
    <ClInclude Include="Resource\IndexBuffer.h">
      <Filter>Renderer\Resource\Buffers</Filter>
    </ClInclude>
    <ClInclude Include="Resource\ConstantBuffer.h">
      <Filter>Renderer\Resource\Buffers</Filter>
    </ClInclude>
    <ClInclude Include="Resource\VertexFormat.h">
      <Filter>Renderer\Resource</Filter>
    </ClInclude>
    <ClInclude Include="Format.h">
      <Filter>Renderer</Filter>
    </ClInclude>
    <ClInclude Include="Resource\Shader.h">
      <Filter>Renderer\Resource\Shaders</Filter>
    </ClInclude>
    <ClInclude Include="Resource\ShaderProgram.h">
      <Filter>Renderer\Resource\Shaders</Filter>
    </ClInclude>
    <ClInclude Include="Resource\SamplerState.h">
      <Filter>Renderer\Resource\State</Filter>
    </ClInclude>
    <ClInclude Include="System\RenderDevice.h">
      <Filter>Renderer\System</Filter>
    </ClInclude>
    <ClInclude Include="Resource\BlendState.h">
      <Filter>Renderer\Resource\State</Filter>
    </ClInclude>
    <ClInclude Include="Resource\DepthStencilState.h">
      <Filter>Renderer\Resource\State</Filter>
    </ClInclude>
    <ClInclude Include="Resource\RasterizerState.h">
      <Filter>Renderer\Resource\State</Filter>
    </ClInclude>
    <ClInclude Include="System\RenderSystem.h">
      <Filter>Renderer\System</Filter>
    </ClInclude>
    <ClInclude Include="Resource\Texture2D.h">
      <Filter>Renderer\Resource\Textures\old</Filter>
    </ClInclude>
    <ClInclude Include="Resource\RenderTarget2D.h">
      <Filter>Renderer\Resource\Textures\old</Filter>
    </ClInclude>
    <ClInclude Include="Resource\Texture.h">
      <Filter>Renderer\Resource\Textures\old</Filter>
    </ClInclude>
    <ClInclude Include="TextureBase.h">
      <Filter>Renderer\Resource\Textures</Filter>
    </ClInclude>
    <ClInclude Include="Resource\OldImage.h">
      <Filter>Renderer\Resource\Textures\old</Filter>
    </ClInclude>
    <ClInclude Include="Resource\DDSLoader.h">
      <Filter>Renderer\Resource\Textures\old</Filter>
    </ClInclude>
    <ClInclude Include="Resource\Image2.h">
      <Filter>Renderer\Resource\Textures\old</Filter>
    </ClInclude>
    <ClInclude Include="Resource\Image.h">
      <Filter>Renderer\Resource\Image</Filter>
    </ClInclude>
    <ClInclude Include="Resource\DDSImage.h">
      <Filter>Renderer\Resource\Image</Filter>
    </ClInclude>
  </ItemGroup>
  <ItemGroup>
    <ClCompile Include="stdafx.cpp" />
    <ClCompile Include="Resource\VertexBuffer.cpp">
      <Filter>Renderer\Resource\Buffers</Filter>
    </ClCompile>
    <ClCompile Include="Resource\Buffer.cpp">
      <Filter>Renderer\Resource\Buffers</Filter>
    </ClCompile>
    <ClCompile Include="Resource\IndexBuffer.cpp">
      <Filter>Renderer\Resource\Buffers</Filter>
    </ClCompile>
    <ClCompile Include="Resource\ConstantBuffer.cpp">
      <Filter>Renderer\Resource\Buffers</Filter>
    </ClCompile>
    <ClCompile Include="Resource\VertexFormat.cpp">
      <Filter>Renderer\Resource</Filter>
    </ClCompile>
    <ClCompile Include="Format.cpp">
      <Filter>Renderer</Filter>
    </ClCompile>
    <ClCompile Include="Resource\Shader.cpp">
      <Filter>Renderer\Resource\Shaders</Filter>
    </ClCompile>
    <ClCompile Include="Resource\ShaderProgram.cpp">
      <Filter>Renderer\Resource\Shaders</Filter>
    </ClCompile>
    <ClCompile Include="Resource\SamplerState.cpp">
      <Filter>Renderer\Resource\State</Filter>
    </ClCompile>
    <ClCompile Include="System\RenderDevice.cpp">
      <Filter>Renderer\System</Filter>
    </ClCompile>
    <ClCompile Include="Resource\BlendState.cpp">
      <Filter>Renderer\Resource\State</Filter>
    </ClCompile>
    <ClCompile Include="Resource\DepthStencilState.cpp">
      <Filter>Renderer\Resource\State</Filter>
    </ClCompile>
    <ClCompile Include="Resource\RasterizerState.cpp">
      <Filter>Renderer\Resource\State</Filter>
    </ClCompile>
    <ClCompile Include="System\RenderSystem.cpp">
      <Filter>Renderer\System</Filter>
    </ClCompile>
    <ClCompile Include="Resource\RenderTarget2D.cpp">
      <Filter>Renderer\Resource\Textures\old</Filter>
    </ClCompile>
    <ClCompile Include="Resource\Texture.cpp">
      <Filter>Renderer\Resource\Textures\old</Filter>
    </ClCompile>
    <ClCompile Include="Resource\Texture2D.cpp">
      <Filter>Renderer\Resource\Textures\old</Filter>
    </ClCompile>
    <ClCompile Include="Resource\OldImage.cpp">
      <Filter>Renderer\Resource\Textures\old</Filter>
    </ClCompile>
    <ClCompile Include="Resource\DDSLoader.cpp">
      <Filter>Renderer\Resource\Textures\old</Filter>
    </ClCompile>
    <ClCompile Include="Resource\Image2.cpp">
      <Filter>Renderer\Resource\Textures\old</Filter>
    </ClCompile>
    <ClCompile Include="Resource\Image.cpp">
      <Filter>Renderer\Resource\Image</Filter>
    </ClCompile>
    <ClCompile Include="Resource\DDSImage.cpp">
      <Filter>Renderer\Resource\Image</Filter>
    </ClCompile>
  </ItemGroup>
  <ItemGroup>
    <Filter Include="Renderer">
      <UniqueIdentifier>{f6f6b3c9-b88e-45a6-8471-d9da987c2666}</UniqueIdentifier>
    </Filter>
    <Filter Include="Renderer\Resource">
      <UniqueIdentifier>{b50bbfd1-e20a-4894-80eb-6880d9c57174}</UniqueIdentifier>
    </Filter>
    <Filter Include="Renderer\Resource\Buffers">
      <UniqueIdentifier>{0c8ba027-b4f6-465e-b83b-945187e273b6}</UniqueIdentifier>
    </Filter>
    <Filter Include="Renderer\Resource\Shaders">
      <UniqueIdentifier>{a4a18a6f-cb98-46f2-ac76-9108846bbebe}</UniqueIdentifier>
    </Filter>
    <Filter Include="Renderer\Resource\State">
      <UniqueIdentifier>{cfa74306-7f0d-47d2-aedc-c5ac634d5c4e}</UniqueIdentifier>
    </Filter>
    <Filter Include="Renderer\Resource\Textures">
      <UniqueIdentifier>{22ba5b8b-e432-4e5d-9f4e-115d0aa6ec1e}</UniqueIdentifier>
    </Filter>
    <Filter Include="Renderer\System">
      <UniqueIdentifier>{1cc497b3-352e-4ce6-80a7-2952bc616065}</UniqueIdentifier>
    </Filter>
    <Filter Include="Renderer\Resource\Textures\old">
      <UniqueIdentifier>{c16d01cc-892b-4d18-9f05-c0bbe5083150}</UniqueIdentifier>
    </Filter>
    <Filter Include="Renderer\Resource\Image">
      <UniqueIdentifier>{d5cb15de-08fc-4407-bd0f-dd757765bd02}</UniqueIdentifier>
    </Filter>
  </ItemGroup>
</Project>