
Microsoft Visual Studio Solution File, Format Version 12.00
# Visual Studio 2013
VisualStudioVersion = 12.0.30723.0
MinimumVisualStudioVersion = 10.0.40219.1
Project("{8BC9CEB8-8B4A-11D0-8D11-00A0C91BC942}") = "Project", "Project\Project.vcxproj", "{C2D45098-4DE6-4DF7-A9FF-B650F769E6A5}"
	ProjectSection(ProjectDependencies) = postProject
		{3296AF40-02F6-4867-9609-9D8739981E55} = {3296AF40-02F6-4867-9609-9D8739981E55}
		{1679AF6D-07D2-4CB7-B748-14565FA54739} = {1679AF6D-07D2-4CB7-B748-14565FA54739}
	EndProjectSection
EndProject
Project("{8BC9CEB8-8B4A-11D0-8D11-00A0C91BC942}") = "Core", "Core\Core.vcxproj", "{3296AF40-02F6-4867-9609-9D8739981E55}"
EndProject
Project("{8BC9CEB8-8B4A-11D0-8D11-00A0C91BC942}") = "Renderer", "Renderer\Renderer.vcxproj", "{1679AF6D-07D2-4CB7-B748-14565FA54739}"
EndProject
Project("{8BC9CEB8-8B4A-11D0-8D11-00A0C91BC942}") = "Test", "Test\Test.vcxproj", "{0544B851-BF47-4A09-8719-36B574ADA7A8}"
	ProjectSection(ProjectDependencies) = postProject
		{3296AF40-02F6-4867-9609-9D8739981E55} = {3296AF40-02F6-4867-9609-9D8739981E55}
		{1679AF6D-07D2-4CB7-B748-14565FA54739} = {1679AF6D-07D2-4CB7-B748-14565FA54739}
	EndProjectSection
EndProject
Global
	GlobalSection(SolutionConfigurationPlatforms) = preSolution
		Debug|Win32 = Debug|Win32
		Release|Win32 = Release|Win32
	EndGlobalSection
	GlobalSection(ProjectConfigurationPlatforms) = postSolution
		{C2D45098-4DE6-4DF7-A9FF-B650F769E6A5}.Debug|Win32.ActiveCfg = Debug|Win32
		{C2D45098-4DE6-4DF7-A9FF-B650F769E6A5}.Debug|Win32.Build.0 = Debug|Win32
		{C2D45098-4DE6-4DF7-A9FF-B650F769E6A5}.Release|Win32.ActiveCfg = Release|Win32
		{C2D45098-4DE6-4DF7-A9FF-B650F769E6A5}.Release|Win32.Build.0 = Release|Win32
		{3296AF40-02F6-4867-9609-9D8739981E55}.Debug|Win32.ActiveCfg = Debug|Win32
		{3296AF40-02F6-4867-9609-9D8739981E55}.Debug|Win32.Build.0 = Debug|Win32
		{3296AF40-02F6-4867-9609-9D8739981E55}.Release|Win32.ActiveCfg = Release|Win32
		{3296AF40-02F6-4867-9609-9D8739981E55}.Release|Win32.Build.0 = Release|Win32
		{1679AF6D-07D2-4CB7-B748-14565FA54739}.Debug|Win32.ActiveCfg = Debug|Win32
		{1679AF6D-07D2-4CB7-B748-14565FA54739}.Debug|Win32.Build.0 = Debug|Win32
		{1679AF6D-07D2-4CB7-B748-14565FA54739}.Release|Win32.ActiveCfg = Release|Win32
		{1679AF6D-07D2-4CB7-B748-14565FA54739}.Release|Win32.Build.0 = Release|Win32
		{0544B851-BF47-4A09-8719-36B574ADA7A8}.Debug|Win32.ActiveCfg = Debug|Win32
		{0544B851-BF47-4A09-8719-36B574ADA7A8}.Debug|Win32.Build.0 = Debug|Win32
		{0544B851-BF47-4A09-8719-36B574ADA7A8}.Release|Win32.ActiveCfg = Release|Win32
		{0544B851-BF47-4A09-8719-36B574ADA7A8}.Release|Win32.Build.0 = Release|Win32
	EndGlobalSection
	GlobalSection(SolutionProperties) = preSolution
		HideSolutionNode = FALSE
	EndGlobalSection
EndGlobal
