<?xml version="1.0" encoding="utf-8"?>
<Project ToolsVersion="4.0" xmlns="http://schemas.microsoft.com/developer/msbuild/2003">
  <ItemGroup>
    <ClInclude Include="stdafx.h" />
    <ClInclude Include="Template\Singleton.h">
      <Filter>Core\Template</Filter>
    </ClInclude>
    <ClInclude Include="Template\Noncopyable.h">
      <Filter>Core\Template</Filter>
    </ClInclude>
    <ClInclude Include="Base\Base.h">
      <Filter>Core\Base</Filter>
    </ClInclude>
    <ClInclude Include="Base\BaseFunc.h">
      <Filter>Core\Base</Filter>
    </ClInclude>
    <ClInclude Include="Base\MinWindows.h">
      <Filter>Core\Base</Filter>
    </ClInclude>
    <ClInclude Include="Debug\Log.h">
      <Filter>Core\Debug</Filter>
    </ClInclude>
    <ClInclude Include="Debug\DebugNew.h">
      <Filter>Core\Debug</Filter>
    </ClInclude>
    <ClInclude Include="Utilities\Timer.h">
      <Filter>Core\Utilities</Filter>
    </ClInclude>
    <ClInclude Include="Window\Window.h">
      <Filter>Core\Window</Filter>
    </ClInclude>
    <ClInclude Include="IO\FileSystem.h">
      <Filter>Core\IO</Filter>
    </ClInclude>
    <ClInclude Include="Base\CompilationOptions.h">
      <Filter>Core\Base</Filter>
    </ClInclude>
    <ClInclude Include="Window\Input.h">
      <Filter>Core\Window</Filter>
    </ClInclude>
  </ItemGroup>
  <ItemGroup>
    <ClCompile Include="stdafx.cpp" />
    <ClCompile Include="Debug\Log.cpp">
      <Filter>Core\Debug</Filter>
    </ClCompile>
    <ClCompile Include="Utilities\Timer.cpp">
      <Filter>Core\Utilities</Filter>
    </ClCompile>
    <ClCompile Include="Window\Window.cpp">
      <Filter>Core\Window</Filter>
    </ClCompile>
    <ClCompile Include="Window\WindowCallback.cpp">
      <Filter>Core\Window</Filter>
    </ClCompile>
    <ClCompile Include="IO\FileSystem.cpp">
      <Filter>Core\IO</Filter>
    </ClCompile>
    <ClCompile Include="Window\Input.cpp">
      <Filter>Core\Window</Filter>
    </ClCompile>
  </ItemGroup>
  <ItemGroup>
    <Filter Include="Core">
      <UniqueIdentifier>{f6f6b3c9-b88e-45a6-8471-d9da987c2666}</UniqueIdentifier>
    </Filter>
    <Filter Include="Core\Base">
      <UniqueIdentifier>{5ec713bc-77d1-4c74-b86c-a35633124c18}</UniqueIdentifier>
    </Filter>
    <Filter Include="Core\Template">
      <UniqueIdentifier>{65346e2a-8c8d-4670-a88f-c7caee0ca979}</UniqueIdentifier>
    </Filter>
    <Filter Include="Core\Debug">
      <UniqueIdentifier>{958f7688-6265-4d30-9ef8-8df02a06a4b0}</UniqueIdentifier>
    </Filter>
    <Filter Include="Core\Utilities">
      <UniqueIdentifier>{d90553ba-6e4a-441b-9c30-4d3329c56534}</UniqueIdentifier>
    </Filter>
    <Filter Include="Core\Window">
      <UniqueIdentifier>{e2c3276f-4724-47dd-a6d6-0abdc8c6348e}</UniqueIdentifier>
    </Filter>
    <Filter Include="Core\IO">
      <UniqueIdentifier>{d644b5b7-0720-4897-a9f0-0ed1537ac2bf}</UniqueIdentifier>
    </Filter>
  </ItemGroup>
</Project>